// !$*UTF8*$!
{
	archiveVersion = 1;
	classes = {
	};
	objectVersion = 56;
	objects = {

/* Begin PBXBuildFile section */
		8BDEAB4C29DCAED2003D1A5D /* macosApp.swift in Sources */ = {isa = PBXBuildFile; fileRef = 8BDEAB4B29DCAED2003D1A5D /* macosApp.swift */; };
		8BDEAB4E29DCAED2003D1A5D /* ContentView.swift in Sources */ = {isa = PBXBuildFile; fileRef = 8BDEAB4D29DCAED2003D1A5D /* ContentView.swift */; };
		8BDEAB5029DCAED3003D1A5D /* Assets.xcassets in Resources */ = {isa = PBXBuildFile; fileRef = 8BDEAB4F29DCAED3003D1A5D /* Assets.xcassets */; };
		8BDEAB5329DCAED3003D1A5D /* Preview Assets.xcassets in Resources */ = {isa = PBXBuildFile; fileRef = 8BDEAB5229DCAED3003D1A5D /* Preview Assets.xcassets */; };
		8BDEAB7E29DCBC3E003D1A5D /* fence-backend-lib.h in Frameworks */ = {isa = PBXBuildFile; fileRef = 8BDEAB7D29DCBC3E003D1A5D /* fence-backend-lib.h */; };
		8BDEAB8029DCBD46003D1A5D /* libfence_backend.dylib in Frameworks */ = {isa = PBXBuildFile; fileRef = 8BDEAB7F29DCBD46003D1A5D /* libfence_backend.dylib */; };
/* End PBXBuildFile section */

/* Begin PBXFileReference section */
		8B15483829DDE820005316D0 /* Info.plist */ = {isa = PBXFileReference; lastKnownFileType = text.plist; path = Info.plist; sourceTree = "<group>"; };
		8BDEAB4829DCAED2003D1A5D /* macos.app */ = {isa = PBXFileReference; explicitFileType = wrapper.application; includeInIndex = 0; path = macos.app; sourceTree = BUILT_PRODUCTS_DIR; };
		8BDEAB4B29DCAED2003D1A5D /* macosApp.swift */ = {isa = PBXFileReference; lastKnownFileType = sourcecode.swift; path = macosApp.swift; sourceTree = "<group>"; };
		8BDEAB4D29DCAED2003D1A5D /* ContentView.swift */ = {isa = PBXFileReference; lastKnownFileType = sourcecode.swift; path = ContentView.swift; sourceTree = "<group>"; };
		8BDEAB4F29DCAED3003D1A5D /* Assets.xcassets */ = {isa = PBXFileReference; lastKnownFileType = folder.assetcatalog; path = Assets.xcassets; sourceTree = "<group>"; };
		8BDEAB5229DCAED3003D1A5D /* Preview Assets.xcassets */ = {isa = PBXFileReference; lastKnownFileType = folder.assetcatalog; path = "Preview Assets.xcassets"; sourceTree = "<group>"; };
		8BDEAB5429DCAED3003D1A5D /* macos.entitlements */ = {isa = PBXFileReference; lastKnownFileType = text.plist.entitlements; path = macos.entitlements; sourceTree = "<group>"; };
		8BDEAB7829DCBBAB003D1A5D /* macos-Bridging-Header.h */ = {isa = PBXFileReference; lastKnownFileType = sourcecode.c.h; path = "macos-Bridging-Header.h"; sourceTree = "<group>"; };
		8BDEAB7D29DCBC3E003D1A5D /* fence-backend-lib.h */ = {isa = PBXFileReference; lastKnownFileType = sourcecode.c.h; name = "fence-backend-lib.h"; path = "Frameworks/fence-backend-lib.h"; sourceTree = "<group>"; };
		8BDEAB7F29DCBD46003D1A5D /* libfence_backend.dylib */ = {isa = PBXFileReference; lastKnownFileType = "compiled.mach-o.dylib"; name = libfence_backend.dylib; path = lib/libfence_backend.dylib; sourceTree = "<group>"; };
/* End PBXFileReference section */

/* Begin PBXFrameworksBuildPhase section */
		8BDEAB4529DCAED2003D1A5D /* Frameworks */ = {
			isa = PBXFrameworksBuildPhase;
			buildActionMask = 2147483647;
			files = (
				8BDEAB8029DCBD46003D1A5D /* libfence_backend.dylib in Frameworks */,
				8BDEAB7E29DCBC3E003D1A5D /* fence-backend-lib.h in Frameworks */,
			);
			runOnlyForDeploymentPostprocessing = 0;
		};
/* End PBXFrameworksBuildPhase section */

/* Begin PBXGroup section */
		8BDEAB3F29DCAED2003D1A5D = {
			isa = PBXGroup;
			children = (
				8BDEAB4A29DCAED2003D1A5D /* macos */,
				8BDEAB4929DCAED2003D1A5D /* Products */,
				8BDEAB5E29DCB4A1003D1A5D /* Frameworks */,
			);
			sourceTree = "<group>";
		};
		8BDEAB4929DCAED2003D1A5D /* Products */ = {
			isa = PBXGroup;
			children = (
				8BDEAB4829DCAED2003D1A5D /* macos.app */,
			);
			name = Products;
			sourceTree = "<group>";
		};
		8BDEAB4A29DCAED2003D1A5D /* macos */ = {
			isa = PBXGroup;
			children = (
				8B15483829DDE820005316D0 /* Info.plist */,
				8BDEAB4B29DCAED2003D1A5D /* macosApp.swift */,
				8BDEAB4D29DCAED2003D1A5D /* ContentView.swift */,
				8BDEAB4F29DCAED3003D1A5D /* Assets.xcassets */,
				8BDEAB5429DCAED3003D1A5D /* macos.entitlements */,
				8BDEAB5129DCAED3003D1A5D /* Preview Content */,
				8BDEAB7829DCBBAB003D1A5D /* macos-Bridging-Header.h */,
			);
			path = macos;
			sourceTree = "<group>";
		};
		8BDEAB5129DCAED3003D1A5D /* Preview Content */ = {
			isa = PBXGroup;
			children = (
				8BDEAB5229DCAED3003D1A5D /* Preview Assets.xcassets */,
			);
			path = "Preview Content";
			sourceTree = "<group>";
		};
		8BDEAB5E29DCB4A1003D1A5D /* Frameworks */ = {
			isa = PBXGroup;
			children = (
				8BDEAB7F29DCBD46003D1A5D /* libfence_backend.dylib */,
				8BDEAB7D29DCBC3E003D1A5D /* fence-backend-lib.h */,
			);
			name = Frameworks;
			sourceTree = "<group>";
		};
/* End PBXGroup section */

/* Begin PBXHeadersBuildPhase section */
		8BDEAB6129DCB6DB003D1A5D /* Headers */ = {
			isa = PBXHeadersBuildPhase;
			buildActionMask = 2147483647;
			files = (
			);
			runOnlyForDeploymentPostprocessing = 0;
		};
/* End PBXHeadersBuildPhase section */

/* Begin PBXNativeTarget section */
		8BDEAB4729DCAED2003D1A5D /* macos */ = {
			isa = PBXNativeTarget;
			buildConfigurationList = 8BDEAB5729DCAED3003D1A5D /* Build configuration list for PBXNativeTarget "macos" */;
			buildPhases = (
				8BDEAB6129DCB6DB003D1A5D /* Headers */,
				8BDEAB4429DCAED2003D1A5D /* Sources */,
				8BDEAB4529DCAED2003D1A5D /* Frameworks */,
				8BDEAB4629DCAED2003D1A5D /* Resources */,
			);
			buildRules = (
			);
			dependencies = (
			);
			name = macos;
			productName = macos;
			productReference = 8BDEAB4829DCAED2003D1A5D /* macos.app */;
			productType = "com.apple.product-type.application";
		};
/* End PBXNativeTarget section */

/* Begin PBXProject section */
		8BDEAB4029DCAED2003D1A5D /* Project object */ = {
			isa = PBXProject;
			attributes = {
				BuildIndependentTargetsInParallel = 1;
				LastSwiftUpdateCheck = 1430;
				LastUpgradeCheck = 1430;
				TargetAttributes = {
					8BDEAB4729DCAED2003D1A5D = {
						CreatedOnToolsVersion = 14.3;
						LastSwiftMigration = 1430;
					};
				};
			};
			buildConfigurationList = 8BDEAB4329DCAED2003D1A5D /* Build configuration list for PBXProject "macos" */;
			compatibilityVersion = "Xcode 14.0";
			developmentRegion = en;
			hasScannedForEncodings = 0;
			knownRegions = (
				en,
				Base,
			);
			mainGroup = 8BDEAB3F29DCAED2003D1A5D;
			productRefGroup = 8BDEAB4929DCAED2003D1A5D /* Products */;
			projectDirPath = "";
			projectRoot = "";
			targets = (
				8BDEAB4729DCAED2003D1A5D /* macos */,
			);
		};
/* End PBXProject section */

/* Begin PBXResourcesBuildPhase section */
		8BDEAB4629DCAED2003D1A5D /* Resources */ = {
			isa = PBXResourcesBuildPhase;
			buildActionMask = 2147483647;
			files = (
				8BDEAB5329DCAED3003D1A5D /* Preview Assets.xcassets in Resources */,
				8BDEAB5029DCAED3003D1A5D /* Assets.xcassets in Resources */,
			);
			runOnlyForDeploymentPostprocessing = 0;
		};
/* End PBXResourcesBuildPhase section */

/* Begin PBXSourcesBuildPhase section */
		8BDEAB4429DCAED2003D1A5D /* Sources */ = {
			isa = PBXSourcesBuildPhase;
			buildActionMask = 2147483647;
			files = (
				8BDEAB4E29DCAED2003D1A5D /* ContentView.swift in Sources */,
				8BDEAB4C29DCAED2003D1A5D /* macosApp.swift in Sources */,
			);
			runOnlyForDeploymentPostprocessing = 0;
		};
/* End PBXSourcesBuildPhase section */

/* Begin XCBuildConfiguration section */
		8BDEAB5529DCAED3003D1A5D /* Debug */ = {
			isa = XCBuildConfiguration;
			buildSettings = {
				ALWAYS_SEARCH_USER_PATHS = NO;
				CLANG_ANALYZER_NONNULL = YES;
				CLANG_ANALYZER_NUMBER_OBJECT_CONVERSION = YES_AGGRESSIVE;
				CLANG_CXX_LANGUAGE_STANDARD = "gnu++20";
				CLANG_ENABLE_MODULES = YES;
				CLANG_ENABLE_OBJC_ARC = YES;
				CLANG_ENABLE_OBJC_WEAK = YES;
				CLANG_WARN_BLOCK_CAPTURE_AUTORELEASING = YES;
				CLANG_WARN_BOOL_CONVERSION = YES;
				CLANG_WARN_COMMA = YES;
				CLANG_WARN_CONSTANT_CONVERSION = YES;
				CLANG_WARN_DEPRECATED_OBJC_IMPLEMENTATIONS = YES;
				CLANG_WARN_DIRECT_OBJC_ISA_USAGE = YES_ERROR;
				CLANG_WARN_DOCUMENTATION_COMMENTS = YES;
				CLANG_WARN_EMPTY_BODY = YES;
				CLANG_WARN_ENUM_CONVERSION = YES;
				CLANG_WARN_INFINITE_RECURSION = YES;
				CLANG_WARN_INT_CONVERSION = YES;
				CLANG_WARN_NON_LITERAL_NULL_CONVERSION = YES;
				CLANG_WARN_OBJC_IMPLICIT_RETAIN_SELF = YES;
				CLANG_WARN_OBJC_LITERAL_CONVERSION = YES;
				CLANG_WARN_OBJC_ROOT_CLASS = YES_ERROR;
				CLANG_WARN_QUOTED_INCLUDE_IN_FRAMEWORK_HEADER = YES;
				CLANG_WARN_RANGE_LOOP_ANALYSIS = YES;
				CLANG_WARN_STRICT_PROTOTYPES = YES;
				CLANG_WARN_SUSPICIOUS_MOVE = YES;
				CLANG_WARN_UNGUARDED_AVAILABILITY = YES_AGGRESSIVE;
				CLANG_WARN_UNREACHABLE_CODE = YES;
				CLANG_WARN__DUPLICATE_METHOD_MATCH = YES;
				COPY_PHASE_STRIP = NO;
				DEBUG_INFORMATION_FORMAT = dwarf;
				ENABLE_STRICT_OBJC_MSGSEND = YES;
				ENABLE_TESTABILITY = YES;
				GCC_C_LANGUAGE_STANDARD = gnu11;
				GCC_DYNAMIC_NO_PIC = NO;
				GCC_NO_COMMON_BLOCKS = YES;
				GCC_OPTIMIZATION_LEVEL = 0;
				GCC_PREPROCESSOR_DEFINITIONS = (
					"DEBUG=1",
					"$(inherited)",
				);
				GCC_WARN_64_TO_32_BIT_CONVERSION = YES;
				GCC_WARN_ABOUT_RETURN_TYPE = YES_ERROR;
				GCC_WARN_UNDECLARED_SELECTOR = YES;
				GCC_WARN_UNINITIALIZED_AUTOS = YES_AGGRESSIVE;
				GCC_WARN_UNUSED_FUNCTION = YES;
				GCC_WARN_UNUSED_VARIABLE = YES;
				MACOSX_DEPLOYMENT_TARGET = 13.2;
				MTL_ENABLE_DEBUG_INFO = INCLUDE_SOURCE;
				MTL_FAST_MATH = YES;
				ONLY_ACTIVE_ARCH = YES;
				SDKROOT = macosx;
				SWIFT_ACTIVE_COMPILATION_CONDITIONS = DEBUG;
				SWIFT_OPTIMIZATION_LEVEL = "-Onone";
			};
			name = Debug;
		};
		8BDEAB5629DCAED3003D1A5D /* Release */ = {
			isa = XCBuildConfiguration;
			buildSettings = {
				ALWAYS_SEARCH_USER_PATHS = NO;
				CLANG_ANALYZER_NONNULL = YES;
				CLANG_ANALYZER_NUMBER_OBJECT_CONVERSION = YES_AGGRESSIVE;
				CLANG_CXX_LANGUAGE_STANDARD = "gnu++20";
				CLANG_ENABLE_MODULES = YES;
				CLANG_ENABLE_OBJC_ARC = YES;
				CLANG_ENABLE_OBJC_WEAK = YES;
				CLANG_WARN_BLOCK_CAPTURE_AUTORELEASING = YES;
				CLANG_WARN_BOOL_CONVERSION = YES;
				CLANG_WARN_COMMA = YES;
				CLANG_WARN_CONSTANT_CONVERSION = YES;
				CLANG_WARN_DEPRECATED_OBJC_IMPLEMENTATIONS = YES;
				CLANG_WARN_DIRECT_OBJC_ISA_USAGE = YES_ERROR;
				CLANG_WARN_DOCUMENTATION_COMMENTS = YES;
				CLANG_WARN_EMPTY_BODY = YES;
				CLANG_WARN_ENUM_CONVERSION = YES;
				CLANG_WARN_INFINITE_RECURSION = YES;
				CLANG_WARN_INT_CONVERSION = YES;
				CLANG_WARN_NON_LITERAL_NULL_CONVERSION = YES;
				CLANG_WARN_OBJC_IMPLICIT_RETAIN_SELF = YES;
				CLANG_WARN_OBJC_LITERAL_CONVERSION = YES;
				CLANG_WARN_OBJC_ROOT_CLASS = YES_ERROR;
				CLANG_WARN_QUOTED_INCLUDE_IN_FRAMEWORK_HEADER = YES;
				CLANG_WARN_RANGE_LOOP_ANALYSIS = YES;
				CLANG_WARN_STRICT_PROTOTYPES = YES;
				CLANG_WARN_SUSPICIOUS_MOVE = YES;
				CLANG_WARN_UNGUARDED_AVAILABILITY = YES_AGGRESSIVE;
				CLANG_WARN_UNREACHABLE_CODE = YES;
				CLANG_WARN__DUPLICATE_METHOD_MATCH = YES;
				COPY_PHASE_STRIP = NO;
				DEBUG_INFORMATION_FORMAT = "dwarf-with-dsym";
				ENABLE_NS_ASSERTIONS = NO;
				ENABLE_STRICT_OBJC_MSGSEND = YES;
				GCC_C_LANGUAGE_STANDARD = gnu11;
				GCC_NO_COMMON_BLOCKS = YES;
				GCC_WARN_64_TO_32_BIT_CONVERSION = YES;
				GCC_WARN_ABOUT_RETURN_TYPE = YES_ERROR;
				GCC_WARN_UNDECLARED_SELECTOR = YES;
				GCC_WARN_UNINITIALIZED_AUTOS = YES_AGGRESSIVE;
				GCC_WARN_UNUSED_FUNCTION = YES;
				GCC_WARN_UNUSED_VARIABLE = YES;
				MACOSX_DEPLOYMENT_TARGET = 13.2;
				MTL_ENABLE_DEBUG_INFO = NO;
				MTL_FAST_MATH = YES;
				SDKROOT = macosx;
				SWIFT_COMPILATION_MODE = wholemodule;
				SWIFT_OPTIMIZATION_LEVEL = "-O";
			};
			name = Release;
		};
		8BDEAB5829DCAED3003D1A5D /* Debug */ = {
			isa = XCBuildConfiguration;
			buildSettings = {
				ASSETCATALOG_COMPILER_APPICON_NAME = AppIcon;
				ASSETCATALOG_COMPILER_GLOBAL_ACCENT_COLOR_NAME = AccentColor;
				CLANG_ENABLE_MODULES = YES;
				CODE_SIGN_ENTITLEMENTS = macos/macos.entitlements;
				"CODE_SIGN_IDENTITY[sdk=macosx*]" = "Apple Development";
				CODE_SIGN_STYLE = Automatic;
				COMBINE_HIDPI_IMAGES = YES;
				CURRENT_PROJECT_VERSION = 1;
				DEVELOPMENT_ASSET_PATHS = "\"macos/Preview Content\"";
				DEVELOPMENT_TEAM = S6HMC7PUAB;
				ENABLE_PREVIEWS = YES;
				GENERATE_INFOPLIST_FILE = YES;
				INFOPLIST_FILE = macos/Info.plist;
				INFOPLIST_KEY_LSUIElement = YES;
				INFOPLIST_KEY_NSHumanReadableCopyright = "";
				LD_RUNPATH_SEARCH_PATHS = (
					"$(inherited)",
					"@executable_path/../Frameworks",
				);
				LIBRARY_SEARCH_PATHS = (
					./lib/,
					"$(PROJECT_DIR)/lib",
				);
				MARKETING_VERSION = 1.0;
				PRODUCT_BUNDLE_IDENTIFIER = com.bbutner.fence.macos;
				PRODUCT_NAME = "$(TARGET_NAME)";
				SWIFT_EMIT_LOC_STRINGS = YES;
				SWIFT_OBJC_BRIDGING_HEADER = "macos/macos-Bridging-Header.h";
				SWIFT_OPTIMIZATION_LEVEL = "-Onone";
				SWIFT_VERSION = 5.0;
			};
			name = Debug;
		};
		8BDEAB5929DCAED3003D1A5D /* Release */ = {
			isa = XCBuildConfiguration;
			buildSettings = {
				ASSETCATALOG_COMPILER_APPICON_NAME = AppIcon;
				ASSETCATALOG_COMPILER_GLOBAL_ACCENT_COLOR_NAME = AccentColor;
				CLANG_ENABLE_MODULES = YES;
				CODE_SIGN_ENTITLEMENTS = macos/macos.entitlements;
				"CODE_SIGN_IDENTITY[sdk=macosx*]" = "Apple Development";
				CODE_SIGN_STYLE = Automatic;
				COMBINE_HIDPI_IMAGES = YES;
				CURRENT_PROJECT_VERSION = 1;
				DEVELOPMENT_ASSET_PATHS = "\"macos/Preview Content\"";
				DEVELOPMENT_TEAM = S6HMC7PUAB;
				ENABLE_PREVIEWS = YES;
				GENERATE_INFOPLIST_FILE = YES;
				INFOPLIST_FILE = macos/Info.plist;
				INFOPLIST_KEY_LSUIElement = YES;
				INFOPLIST_KEY_NSHumanReadableCopyright = "";
				LD_RUNPATH_SEARCH_PATHS = (
					"$(inherited)",
					"@executable_path/../Frameworks",
				);
				LIBRARY_SEARCH_PATHS = (
					./lib/,
					"$(PROJECT_DIR)/lib",
				);
				MARKETING_VERSION = 1.0;
				PRODUCT_BUNDLE_IDENTIFIER = com.bbutner.fence.macos;
				PRODUCT_NAME = "$(TARGET_NAME)";
				SWIFT_EMIT_LOC_STRINGS = YES;
				SWIFT_OBJC_BRIDGING_HEADER = "macos/macos-Bridging-Header.h";
				SWIFT_VERSION = 5.0;
			};
			name = Release;
		};
/* End XCBuildConfiguration section */

/* Begin XCConfigurationList section */
		8BDEAB4329DCAED2003D1A5D /* Build configuration list for PBXProject "macos" */ = {
			isa = XCConfigurationList;
			buildConfigurations = (
				8BDEAB5529DCAED3003D1A5D /* Debug */,
				8BDEAB5629DCAED3003D1A5D /* Release */,
			);
			defaultConfigurationIsVisible = 0;
			defaultConfigurationName = Release;
		};
		8BDEAB5729DCAED3003D1A5D /* Build configuration list for PBXNativeTarget "macos" */ = {
			isa = XCConfigurationList;
			buildConfigurations = (
				8BDEAB5829DCAED3003D1A5D /* Debug */,
				8BDEAB5929DCAED3003D1A5D /* Release */,
			);
			defaultConfigurationIsVisible = 0;
			defaultConfigurationName = Release;
		};
/* End XCConfigurationList section */
	};
	rootObject = 8BDEAB4029DCAED2003D1A5D /* Project object */;
}
